
Microsoft Visual Studio Solution File, Format Version 12.00
# Visual Studio Version 17
VisualStudioVersion = 17.0.32112.339
MinimumVisualStudioVersion = 10.0.40219.1
Project("{2150E333-8FDC-42A3-9474-1A3956D46DE8}") = "src", "src", "{F166026D-ED97-42E6-AAD1-FE92AA7F40B2}"
EndProject
Project("{2150E333-8FDC-42A3-9474-1A3956D46DE8}") = "ApiGateways", "ApiGateways", "{2756815F-BF8F-46EF-9B89-EA382026BA2B}"
EndProject
Project("{2150E333-8FDC-42A3-9474-1A3956D46DE8}") = "Services", "Services", "{D4B8F4AE-DE93-4499-879E-F5101ED17773}"
EndProject
Project("{2150E333-8FDC-42A3-9474-1A3956D46DE8}") = "Mobile.Bff", "Mobile.Bff", "{BD096FD1-664C-497B-8B9D-8B6E7CE15C19}"
EndProject
Project("{2150E333-8FDC-42A3-9474-1A3956D46DE8}") = "Web.Bff", "Web.Bff", "{56668781-C954-4F2C-BFC3-5F4CED82BD09}"
EndProject
Project("{2150E333-8FDC-42A3-9474-1A3956D46DE8}") = "BuildingBlocks", "BuildingBlocks", "{17203048-BC74-46B2-B857-B06609E9081B}"
EndProject
Project("{2150E333-8FDC-42A3-9474-1A3956D46DE8}") = "News", "News", "{255AC5B4-301E-4A59-A95A-6A7BCFB268CA}"
EndProject
Project("{2150E333-8FDC-42A3-9474-1A3956D46DE8}") = "Hospitals", "Hospitals", "{FA71E6C6-88A6-4DD2-88F8-A2A16F770226}"
EndProject
Project("{2150E333-8FDC-42A3-9474-1A3956D46DE8}") = "SuportRequests", "SuportRequests", "{72EA0A30-8416-4D10-8F24-6049F52FFB76}"
EndProject
Project("{2150E333-8FDC-42A3-9474-1A3956D46DE8}") = "HospitalQueues", "HospitalQueues", "{3B86E566-6ECF-43D0-9A6B-97C2E9A03314}"
EndProject
Project("{2150E333-8FDC-42A3-9474-1A3956D46DE8}") = "ServiceSchedules", "ServiceSchedules", "{8F3779A8-6CDE-42F8-9B45-19E5694A1A46}"
EndProject
Project("{2150E333-8FDC-42A3-9474-1A3956D46DE8}") = "AuthUsers", "AuthUsers", "{A3E38ED9-5699-4EE0-B962-B97291928C1F}"
EndProject
Project("{2150E333-8FDC-42A3-9474-1A3956D46DE8}") = "ProfileUsers", "ProfileUsers", "{48C01782-7BF6-4AAF-A26C-2EC9F0EFAF70}"
EndProject
Project("{2150E333-8FDC-42A3-9474-1A3956D46DE8}") = "Specialities", "Specialities", "{E00EF20D-846F-4FA3-B2F0-A3FF993A8AEC}"
EndProject
Project("{2150E333-8FDC-42A3-9474-1A3956D46DE8}") = "AppointmentSchedulings", "AppointmentSchedulings", "{B1E61243-3F97-41EC-86DB-EE3199963AC2}"
EndProject
Project("{2150E333-8FDC-42A3-9474-1A3956D46DE8}") = "ReminderRemedies", "ReminderRemedies", "{BE2FAE88-FA0C-4562-935A-E1F918D1CB17}"
EndProject
Project("{2150E333-8FDC-42A3-9474-1A3956D46DE8}") = "Remedies", "Remedies", "{9E8B576B-CCB2-4B7E-A685-EA80ED1F661D}"
EndProject
Project("{9A19103F-16F7-4668-BE54-9A1E7A4F7556}") = "FrwkBootCampQuickWait.AppointmentSchedulings.Api", "src\Services\AppointmentSchedulings\FrwkBootCampQuickWait.AppointmentSchedulings.Api\FrwkBootCampQuickWait.AppointmentSchedulings.Api.csproj", "{9FAD2217-A4AC-4835-9C6E-0717D4A6BD7E}"
EndProject
Project("{9A19103F-16F7-4668-BE54-9A1E7A4F7556}") = "FrwkBootCampQuickWait.AuthUsers.Api", "src\Services\AuthUsers\FrwkBootCampQuickWait.AuthUsers.Api\FrwkBootCampQuickWait.AuthUsers.Api.csproj", "{8236BB5A-1527-4057-ABB9-A694CA1B150E}"
EndProject
Project("{9A19103F-16F7-4668-BE54-9A1E7A4F7556}") = "FrwkBootCampQuickWait.HospitalQueues.Api", "src\Services\HospitalQueues\FrwkBootCampQuickWait.HospitalQueues.Api\FrwkBootCampQuickWait.HospitalQueues.Api.csproj", "{47DDD269-C668-4047-8D82-4586474F9550}"
EndProject
Project("{9A19103F-16F7-4668-BE54-9A1E7A4F7556}") = "FrwkBootCampQuickWait.Hospitals.Api", "src\Services\Hospitals\FrwkBootCampQuickWait.Hospitals.Api\FrwkBootCampQuickWait.Hospitals.Api.csproj", "{EFA5C86F-8A8E-471C-8B0F-7FFBC775BC3B}"
EndProject
Project("{9A19103F-16F7-4668-BE54-9A1E7A4F7556}") = "FrwkBootCampQuickWait.News.Api", "src\Services\News\FrwkBootCampQuickWait.News.Api\FrwkBootCampQuickWait.News.Api.csproj", "{26DB0FC8-165D-46D9-8D6B-03C140781A70}"
EndProject
Project("{9A19103F-16F7-4668-BE54-9A1E7A4F7556}") = "FrwkBootCampQuickWait.ProfileUsers.Api", "src\Services\ProfileUsers\FrwkBootCampQuickWait.ProfileUsers.Api\FrwkBootCampQuickWait.ProfileUsers.Api.csproj", "{A00348B3-5226-4CA2-A059-14708701B883}"
EndProject
Project("{9A19103F-16F7-4668-BE54-9A1E7A4F7556}") = "FrwkBootCampQuickWait.Remedies.Api", "src\Services\Remedies\FrwkBootCampQuickWait.Remedies.Api\FrwkBootCampQuickWait.Remedies.Api.csproj", "{3E626DFE-AF48-428B-9D46-435B545562B5}"
EndProject
Project("{9A19103F-16F7-4668-BE54-9A1E7A4F7556}") = "FrwkBootCampQuickWait.ReminderRemedies.Api", "src\Services\ReminderRemedies\FrwkBootCampQuickWait.ReminderRemedies.Api\FrwkBootCampQuickWait.ReminderRemedies.Api.csproj", "{748F2715-D8B9-442B-BAC7-08C2E869D3CF}"
EndProject
Project("{9A19103F-16F7-4668-BE54-9A1E7A4F7556}") = "FrwkBootCampQuickWait.ServicesSchedules.Api", "src\Services\ServicesSchedules\FrwkBootCampQuickWait.ServicesSchedules.Api\FrwkBootCampQuickWait.ServicesSchedules.Api.csproj", "{EA8EF1A3-DA23-4BF0-A707-DBB27D0DEB0E}"
EndProject
Project("{9A19103F-16F7-4668-BE54-9A1E7A4F7556}") = "FrwkBootCampQuickWait.Specialities.Api", "src\Services\Specialities\FrwkBootCampQuickWait.Specialities.Api\FrwkBootCampQuickWait.Specialities.Api.csproj", "{B95A4EC2-A24F-4384-A64F-009EC1D37E38}"
EndProject
Project("{9A19103F-16F7-4668-BE54-9A1E7A4F7556}") = "FrwkBootCampQuickWait.SuportRequests.Api", "src\Services\SuportRequests\FrwkBootCampQuickWait.SuportRequests.Api\FrwkBootCampQuickWait.SuportRequests.Api.csproj", "{2DBBF37A-DDD8-4C23-B88E-96CE7B24F3B1}"
EndProject
Global
	GlobalSection(SolutionConfigurationPlatforms) = preSolution
		Debug|Any CPU = Debug|Any CPU
		Release|Any CPU = Release|Any CPU
	EndGlobalSection
	GlobalSection(ProjectConfigurationPlatforms) = postSolution
		{9FAD2217-A4AC-4835-9C6E-0717D4A6BD7E}.Debug|Any CPU.ActiveCfg = Debug|Any CPU
		{9FAD2217-A4AC-4835-9C6E-0717D4A6BD7E}.Debug|Any CPU.Build.0 = Debug|Any CPU
		{9FAD2217-A4AC-4835-9C6E-0717D4A6BD7E}.Release|Any CPU.ActiveCfg = Release|Any CPU
		{9FAD2217-A4AC-4835-9C6E-0717D4A6BD7E}.Release|Any CPU.Build.0 = Release|Any CPU
		{8236BB5A-1527-4057-ABB9-A694CA1B150E}.Debug|Any CPU.ActiveCfg = Debug|Any CPU
		{8236BB5A-1527-4057-ABB9-A694CA1B150E}.Debug|Any CPU.Build.0 = Debug|Any CPU
		{8236BB5A-1527-4057-ABB9-A694CA1B150E}.Release|Any CPU.ActiveCfg = Release|Any CPU
		{8236BB5A-1527-4057-ABB9-A694CA1B150E}.Release|Any CPU.Build.0 = Release|Any CPU
		{47DDD269-C668-4047-8D82-4586474F9550}.Debug|Any CPU.ActiveCfg = Debug|Any CPU
		{47DDD269-C668-4047-8D82-4586474F9550}.Debug|Any CPU.Build.0 = Debug|Any CPU
		{47DDD269-C668-4047-8D82-4586474F9550}.Release|Any CPU.ActiveCfg = Release|Any CPU
		{47DDD269-C668-4047-8D82-4586474F9550}.Release|Any CPU.Build.0 = Release|Any CPU
		{EFA5C86F-8A8E-471C-8B0F-7FFBC775BC3B}.Debug|Any CPU.ActiveCfg = Debug|Any CPU
		{EFA5C86F-8A8E-471C-8B0F-7FFBC775BC3B}.Debug|Any CPU.Build.0 = Debug|Any CPU
		{EFA5C86F-8A8E-471C-8B0F-7FFBC775BC3B}.Release|Any CPU.ActiveCfg = Release|Any CPU
		{EFA5C86F-8A8E-471C-8B0F-7FFBC775BC3B}.Release|Any CPU.Build.0 = Release|Any CPU
		{26DB0FC8-165D-46D9-8D6B-03C140781A70}.Debug|Any CPU.ActiveCfg = Debug|Any CPU
		{26DB0FC8-165D-46D9-8D6B-03C140781A70}.Debug|Any CPU.Build.0 = Debug|Any CPU
		{26DB0FC8-165D-46D9-8D6B-03C140781A70}.Release|Any CPU.ActiveCfg = Release|Any CPU
		{26DB0FC8-165D-46D9-8D6B-03C140781A70}.Release|Any CPU.Build.0 = Release|Any CPU
		{A00348B3-5226-4CA2-A059-14708701B883}.Debug|Any CPU.ActiveCfg = Debug|Any CPU
		{A00348B3-5226-4CA2-A059-14708701B883}.Debug|Any CPU.Build.0 = Debug|Any CPU
		{A00348B3-5226-4CA2-A059-14708701B883}.Release|Any CPU.ActiveCfg = Release|Any CPU
		{A00348B3-5226-4CA2-A059-14708701B883}.Release|Any CPU.Build.0 = Release|Any CPU
		{3E626DFE-AF48-428B-9D46-435B545562B5}.Debug|Any CPU.ActiveCfg = Debug|Any CPU
		{3E626DFE-AF48-428B-9D46-435B545562B5}.Debug|Any CPU.Build.0 = Debug|Any CPU
		{3E626DFE-AF48-428B-9D46-435B545562B5}.Release|Any CPU.ActiveCfg = Release|Any CPU
		{3E626DFE-AF48-428B-9D46-435B545562B5}.Release|Any CPU.Build.0 = Release|Any CPU
		{748F2715-D8B9-442B-BAC7-08C2E869D3CF}.Debug|Any CPU.ActiveCfg = Debug|Any CPU
		{748F2715-D8B9-442B-BAC7-08C2E869D3CF}.Debug|Any CPU.Build.0 = Debug|Any CPU
		{748F2715-D8B9-442B-BAC7-08C2E869D3CF}.Release|Any CPU.ActiveCfg = Release|Any CPU
		{748F2715-D8B9-442B-BAC7-08C2E869D3CF}.Release|Any CPU.Build.0 = Release|Any CPU
		{EA8EF1A3-DA23-4BF0-A707-DBB27D0DEB0E}.Debug|Any CPU.ActiveCfg = Debug|Any CPU
		{EA8EF1A3-DA23-4BF0-A707-DBB27D0DEB0E}.Debug|Any CPU.Build.0 = Debug|Any CPU
		{EA8EF1A3-DA23-4BF0-A707-DBB27D0DEB0E}.Release|Any CPU.ActiveCfg = Release|Any CPU
		{EA8EF1A3-DA23-4BF0-A707-DBB27D0DEB0E}.Release|Any CPU.Build.0 = Release|Any CPU
		{B95A4EC2-A24F-4384-A64F-009EC1D37E38}.Debug|Any CPU.ActiveCfg = Debug|Any CPU
		{B95A4EC2-A24F-4384-A64F-009EC1D37E38}.Debug|Any CPU.Build.0 = Debug|Any CPU
		{B95A4EC2-A24F-4384-A64F-009EC1D37E38}.Release|Any CPU.ActiveCfg = Release|Any CPU
		{B95A4EC2-A24F-4384-A64F-009EC1D37E38}.Release|Any CPU.Build.0 = Release|Any CPU
		{2DBBF37A-DDD8-4C23-B88E-96CE7B24F3B1}.Debug|Any CPU.ActiveCfg = Debug|Any CPU
		{2DBBF37A-DDD8-4C23-B88E-96CE7B24F3B1}.Debug|Any CPU.Build.0 = Debug|Any CPU
		{2DBBF37A-DDD8-4C23-B88E-96CE7B24F3B1}.Release|Any CPU.ActiveCfg = Release|Any CPU
		{2DBBF37A-DDD8-4C23-B88E-96CE7B24F3B1}.Release|Any CPU.Build.0 = Release|Any CPU
	EndGlobalSection
	GlobalSection(SolutionProperties) = preSolution
		HideSolutionNode = FALSE
	EndGlobalSection
	GlobalSection(NestedProjects) = preSolution
		{2756815F-BF8F-46EF-9B89-EA382026BA2B} = {F166026D-ED97-42E6-AAD1-FE92AA7F40B2}
		{D4B8F4AE-DE93-4499-879E-F5101ED17773} = {F166026D-ED97-42E6-AAD1-FE92AA7F40B2}
		{BD096FD1-664C-497B-8B9D-8B6E7CE15C19} = {2756815F-BF8F-46EF-9B89-EA382026BA2B}
		{56668781-C954-4F2C-BFC3-5F4CED82BD09} = {2756815F-BF8F-46EF-9B89-EA382026BA2B}
		{17203048-BC74-46B2-B857-B06609E9081B} = {F166026D-ED97-42E6-AAD1-FE92AA7F40B2}
		{255AC5B4-301E-4A59-A95A-6A7BCFB268CA} = {D4B8F4AE-DE93-4499-879E-F5101ED17773}
		{FA71E6C6-88A6-4DD2-88F8-A2A16F770226} = {D4B8F4AE-DE93-4499-879E-F5101ED17773}
		{72EA0A30-8416-4D10-8F24-6049F52FFB76} = {D4B8F4AE-DE93-4499-879E-F5101ED17773}
		{3B86E566-6ECF-43D0-9A6B-97C2E9A03314} = {D4B8F4AE-DE93-4499-879E-F5101ED17773}
		{8F3779A8-6CDE-42F8-9B45-19E5694A1A46} = {D4B8F4AE-DE93-4499-879E-F5101ED17773}
		{A3E38ED9-5699-4EE0-B962-B97291928C1F} = {D4B8F4AE-DE93-4499-879E-F5101ED17773}
		{48C01782-7BF6-4AAF-A26C-2EC9F0EFAF70} = {D4B8F4AE-DE93-4499-879E-F5101ED17773}
		{E00EF20D-846F-4FA3-B2F0-A3FF993A8AEC} = {D4B8F4AE-DE93-4499-879E-F5101ED17773}
		{B1E61243-3F97-41EC-86DB-EE3199963AC2} = {D4B8F4AE-DE93-4499-879E-F5101ED17773}
		{BE2FAE88-FA0C-4562-935A-E1F918D1CB17} = {D4B8F4AE-DE93-4499-879E-F5101ED17773}
		{9E8B576B-CCB2-4B7E-A685-EA80ED1F661D} = {D4B8F4AE-DE93-4499-879E-F5101ED17773}
		{9FAD2217-A4AC-4835-9C6E-0717D4A6BD7E} = {B1E61243-3F97-41EC-86DB-EE3199963AC2}
		{8236BB5A-1527-4057-ABB9-A694CA1B150E} = {A3E38ED9-5699-4EE0-B962-B97291928C1F}
		{47DDD269-C668-4047-8D82-4586474F9550} = {3B86E566-6ECF-43D0-9A6B-97C2E9A03314}
		{EFA5C86F-8A8E-471C-8B0F-7FFBC775BC3B} = {FA71E6C6-88A6-4DD2-88F8-A2A16F770226}
		{26DB0FC8-165D-46D9-8D6B-03C140781A70} = {255AC5B4-301E-4A59-A95A-6A7BCFB268CA}
		{A00348B3-5226-4CA2-A059-14708701B883} = {48C01782-7BF6-4AAF-A26C-2EC9F0EFAF70}
		{3E626DFE-AF48-428B-9D46-435B545562B5} = {9E8B576B-CCB2-4B7E-A685-EA80ED1F661D}
		{748F2715-D8B9-442B-BAC7-08C2E869D3CF} = {BE2FAE88-FA0C-4562-935A-E1F918D1CB17}
		{EA8EF1A3-DA23-4BF0-A707-DBB27D0DEB0E} = {8F3779A8-6CDE-42F8-9B45-19E5694A1A46}
		{B95A4EC2-A24F-4384-A64F-009EC1D37E38} = {E00EF20D-846F-4FA3-B2F0-A3FF993A8AEC}
		{2DBBF37A-DDD8-4C23-B88E-96CE7B24F3B1} = {72EA0A30-8416-4D10-8F24-6049F52FFB76}
	EndGlobalSection
	GlobalSection(ExtensibilityGlobals) = postSolution
		SolutionGuid = {34797958-5F34-4EFB-9C1F-5B36BEC676D4}
	EndGlobalSection
EndGlobal
